
Microsoft Visual Studio Solution File, Format Version 12.00
# Visual Studio Version 17
VisualStudioVersion = 17.2.32505.173
MinimumVisualStudioVersion = 10.0.40219.1
Project("{FAE04EC0-301F-11D3-BF4B-00C04F79EFBC}") = "array", "array\array.csproj", "{9F53EF19-1813-41D2-85AC-FB3196DF097C}"
EndProject
Global
	GlobalSection(SolutionConfigurationPlatforms) = preSolution
		Debug|Any CPU = Debug|Any CPU
		Release|Any CPU = Release|Any CPU
	EndGlobalSection
	GlobalSection(ProjectConfigurationPlatforms) = postSolution
		{9F53EF19-1813-41D2-85AC-FB3196DF097C}.Debug|Any CPU.ActiveCfg = Debug|Any CPU
		{9F53EF19-1813-41D2-85AC-FB3196DF097C}.Debug|Any CPU.Build.0 = Debug|Any CPU
		{9F53EF19-1813-41D2-85AC-FB3196DF097C}.Release|Any CPU.ActiveCfg = Release|Any CPU
		{9F53EF19-1813-41D2-85AC-FB3196DF097C}.Release|Any CPU.Build.0 = Release|Any CPU
	EndGlobalSection
	GlobalSection(SolutionProperties) = preSolution
		HideSolutionNode = FALSE
	EndGlobalSection
	GlobalSection(ExtensibilityGlobals) = postSolution
		SolutionGuid = {738911D4-C7DC-4B44-B3C7-D33FFCBC249D}
	EndGlobalSection
EndGlobal
